// !$*UTF8*$!
{
	archiveVersion = 1;
	classes = {
	};
	objectVersion = 77;
	objects = {

/* Begin PBXContainerItemProxy section */
		688FEA2F2D6DFEFB00B08A4C /* PBXContainerItemProxy */ = {
			isa = PBXContainerItemProxy;
			containerPortal = 688FEA162D6DFEFA00B08A4C /* Project object */;
			proxyType = 1;
			remoteGlobalIDString = 688FEA1D2D6DFEFA00B08A4C;
			remoteInfo = iOS_Momogum;
		};
		688FEA392D6DFEFB00B08A4C /* PBXContainerItemProxy */ = {
			isa = PBXContainerItemProxy;
			containerPortal = 688FEA162D6DFEFA00B08A4C /* Project object */;
			proxyType = 1;
			remoteGlobalIDString = 688FEA1D2D6DFEFA00B08A4C;
			remoteInfo = iOS_Momogum;
		};
/* End PBXContainerItemProxy section */

/* Begin PBXFileReference section */
		688FEA1E2D6DFEFA00B08A4C /* iOS_Momogum.app */ = {isa = PBXFileReference; explicitFileType = wrapper.application; includeInIndex = 0; path = iOS_Momogum.app; sourceTree = BUILT_PRODUCTS_DIR; };
		688FEA2E2D6DFEFB00B08A4C /* iOS_MomogumTests.xctest */ = {isa = PBXFileReference; explicitFileType = wrapper.cfbundle; includeInIndex = 0; path = iOS_MomogumTests.xctest; sourceTree = BUILT_PRODUCTS_DIR; };
		688FEA382D6DFEFB00B08A4C /* iOS_MomogumUITests.xctest */ = {isa = PBXFileReference; explicitFileType = wrapper.cfbundle; includeInIndex = 0; path = iOS_MomogumUITests.xctest; sourceTree = BUILT_PRODUCTS_DIR; };
/* End PBXFileReference section */

/* Begin PBXFileSystemSynchronizedRootGroup section */
		688FEA202D6DFEFA00B08A4C /* iOS_Momogum */ = {
			isa = PBXFileSystemSynchronizedRootGroup;
			path = iOS_Momogum;
			sourceTree = "<group>";
		};
		688FEA312D6DFEFB00B08A4C /* iOS_MomogumTests */ = {
			isa = PBXFileSystemSynchronizedRootGroup;
			path = iOS_MomogumTests;
			sourceTree = "<group>";
		};
		688FEA3B2D6DFEFB00B08A4C /* iOS_MomogumUITests */ = {
			isa = PBXFileSystemSynchronizedRootGroup;
			path = iOS_MomogumUITests;
			sourceTree = "<group>";
		};
/* End PBXFileSystemSynchronizedRootGroup section */

/* Begin PBXFrameworksBuildPhase section */
		688FEA1B2D6DFEFA00B08A4C /* Frameworks */ = {
			isa = PBXFrameworksBuildPhase;
			buildActionMask = 2147483647;
			files = (
			);
			runOnlyForDeploymentPostprocessing = 0;
		};
		688FEA2B2D6DFEFB00B08A4C /* Frameworks */ = {
			isa = PBXFrameworksBuildPhase;
			buildActionMask = 2147483647;
			files = (
			);
			runOnlyForDeploymentPostprocessing = 0;
		};
		688FEA352D6DFEFB00B08A4C /* Frameworks */ = {
			isa = PBXFrameworksBuildPhase;
			buildActionMask = 2147483647;
			files = (
			);
			runOnlyForDeploymentPostprocessing = 0;
		};
/* End PBXFrameworksBuildPhase section */

/* Begin PBXGroup section */
		688FEA152D6DFEFA00B08A4C = {
			isa = PBXGroup;
			children = (
				688FEA202D6DFEFA00B08A4C /* iOS_Momogum */,
				688FEA312D6DFEFB00B08A4C /* iOS_MomogumTests */,
				688FEA3B2D6DFEFB00B08A4C /* iOS_MomogumUITests */,
				688FEA1F2D6DFEFA00B08A4C /* Products */,
			);
			sourceTree = "<group>";
		};
		688FEA1F2D6DFEFA00B08A4C /* Products */ = {
			isa = PBXGroup;
			children = (
				688FEA1E2D6DFEFA00B08A4C /* iOS_Momogum.app */,
				688FEA2E2D6DFEFB00B08A4C /* iOS_MomogumTests.xctest */,
				688FEA382D6DFEFB00B08A4C /* iOS_MomogumUITests.xctest */,
			);
			name = Products;
			sourceTree = "<group>";
		};
/* End PBXGroup section */

/* Begin PBXNativeTarget section */
		688FEA1D2D6DFEFA00B08A4C /* iOS_Momogum */ = {
			isa = PBXNativeTarget;
			buildConfigurationList = 688FEA422D6DFEFB00B08A4C /* Build configuration list for PBXNativeTarget "iOS_Momogum" */;
			buildPhases = (
				688FEA1A2D6DFEFA00B08A4C /* Sources */,
				688FEA1B2D6DFEFA00B08A4C /* Frameworks */,
				688FEA1C2D6DFEFA00B08A4C /* Resources */,
			);
			buildRules = (
			);
			dependencies = (
			);
			fileSystemSynchronizedGroups = (
				688FEA202D6DFEFA00B08A4C /* iOS_Momogum */,
			);
			name = iOS_Momogum;
			packageProductDependencies = (
			);
			productName = iOS_Momogum;
			productReference = 688FEA1E2D6DFEFA00B08A4C /* iOS_Momogum.app */;
			productType = "com.apple.product-type.application";
		};
		688FEA2D2D6DFEFB00B08A4C /* iOS_MomogumTests */ = {
			isa = PBXNativeTarget;
			buildConfigurationList = 688FEA452D6DFEFB00B08A4C /* Build configuration list for PBXNativeTarget "iOS_MomogumTests" */;
			buildPhases = (
				688FEA2A2D6DFEFB00B08A4C /* Sources */,
				688FEA2B2D6DFEFB00B08A4C /* Frameworks */,
				688FEA2C2D6DFEFB00B08A4C /* Resources */,
			);
			buildRules = (
			);
			dependencies = (
				688FEA302D6DFEFB00B08A4C /* PBXTargetDependency */,
			);
			fileSystemSynchronizedGroups = (
				688FEA312D6DFEFB00B08A4C /* iOS_MomogumTests */,
			);
			name = iOS_MomogumTests;
			packageProductDependencies = (
			);
			productName = iOS_MomogumTests;
			productReference = 688FEA2E2D6DFEFB00B08A4C /* iOS_MomogumTests.xctest */;
			productType = "com.apple.product-type.bundle.unit-test";
		};
		688FEA372D6DFEFB00B08A4C /* iOS_MomogumUITests */ = {
			isa = PBXNativeTarget;
			buildConfigurationList = 688FEA482D6DFEFB00B08A4C /* Build configuration list for PBXNativeTarget "iOS_MomogumUITests" */;
			buildPhases = (
				688FEA342D6DFEFB00B08A4C /* Sources */,
				688FEA352D6DFEFB00B08A4C /* Frameworks */,
				688FEA362D6DFEFB00B08A4C /* Resources */,
			);
			buildRules = (
			);
			dependencies = (
				688FEA3A2D6DFEFB00B08A4C /* PBXTargetDependency */,
			);
			fileSystemSynchronizedGroups = (
				688FEA3B2D6DFEFB00B08A4C /* iOS_MomogumUITests */,
			);
			name = iOS_MomogumUITests;
			packageProductDependencies = (
			);
			productName = iOS_MomogumUITests;
			productReference = 688FEA382D6DFEFB00B08A4C /* iOS_MomogumUITests.xctest */;
			productType = "com.apple.product-type.bundle.ui-testing";
		};
/* End PBXNativeTarget section */

/* Begin PBXProject section */
		688FEA162D6DFEFA00B08A4C /* Project object */ = {
			isa = PBXProject;
			attributes = {
				BuildIndependentTargetsInParallel = 1;
				LastSwiftUpdateCheck = 1600;
				LastUpgradeCheck = 1600;
				TargetAttributes = {
					688FEA1D2D6DFEFA00B08A4C = {
						CreatedOnToolsVersion = 16.0;
					};
					688FEA2D2D6DFEFB00B08A4C = {
						CreatedOnToolsVersion = 16.0;
						TestTargetID = 688FEA1D2D6DFEFA00B08A4C;
					};
					688FEA372D6DFEFB00B08A4C = {
						CreatedOnToolsVersion = 16.0;
						TestTargetID = 688FEA1D2D6DFEFA00B08A4C;
					};
				};
			};
			buildConfigurationList = 688FEA192D6DFEFA00B08A4C /* Build configuration list for PBXProject "iOS_Momogum" */;
			developmentRegion = en;
			hasScannedForEncodings = 0;
			knownRegions = (
				en,
				Base,
			);
			mainGroup = 688FEA152D6DFEFA00B08A4C;
			minimizedProjectReferenceProxies = 1;
			preferredProjectObjectVersion = 77;
			productRefGroup = 688FEA1F2D6DFEFA00B08A4C /* Products */;
			projectDirPath = "";
			projectRoot = "";
			targets = (
				688FEA1D2D6DFEFA00B08A4C /* iOS_Momogum */,
				688FEA2D2D6DFEFB00B08A4C /* iOS_MomogumTests */,
				688FEA372D6DFEFB00B08A4C /* iOS_MomogumUITests */,
			);
		};
/* End PBXProject section */

/* Begin PBXResourcesBuildPhase section */
		688FEA1C2D6DFEFA00B08A4C /* Resources */ = {
			isa = PBXResourcesBuildPhase;
			buildActionMask = 2147483647;
			files = (
			);
			runOnlyForDeploymentPostprocessing = 0;
		};
		688FEA2C2D6DFEFB00B08A4C /* Resources */ = {
			isa = PBXResourcesBuildPhase;
			buildActionMask = 2147483647;
			files = (
			);
			runOnlyForDeploymentPostprocessing = 0;
		};
		688FEA362D6DFEFB00B08A4C /* Resources */ = {
			isa = PBXResourcesBuildPhase;
			buildActionMask = 2147483647;
			files = (
			);
			runOnlyForDeploymentPostprocessing = 0;
		};
/* End PBXResourcesBuildPhase section */

/* Begin PBXSourcesBuildPhase section */
		688FEA1A2D6DFEFA00B08A4C /* Sources */ = {
			isa = PBXSourcesBuildPhase;
			buildActionMask = 2147483647;
			files = (
			);
			runOnlyForDeploymentPostprocessing = 0;
		};
		688FEA2A2D6DFEFB00B08A4C /* Sources */ = {
			isa = PBXSourcesBuildPhase;
			buildActionMask = 2147483647;
			files = (
			);
			runOnlyForDeploymentPostprocessing = 0;
		};
		688FEA342D6DFEFB00B08A4C /* Sources */ = {
			isa = PBXSourcesBuildPhase;
			buildActionMask = 2147483647;
			files = (
			);
			runOnlyForDeploymentPostprocessing = 0;
		};
/* End PBXSourcesBuildPhase section */

/* Begin PBXTargetDependency section */
		688FEA302D6DFEFB00B08A4C /* PBXTargetDependency */ = {
			isa = PBXTargetDependency;
			target = 688FEA1D2D6DFEFA00B08A4C /* iOS_Momogum */;
			targetProxy = 688FEA2F2D6DFEFB00B08A4C /* PBXContainerItemProxy */;
		};
		688FEA3A2D6DFEFB00B08A4C /* PBXTargetDependency */ = {
			isa = PBXTargetDependency;
			target = 688FEA1D2D6DFEFA00B08A4C /* iOS_Momogum */;
			targetProxy = 688FEA392D6DFEFB00B08A4C /* PBXContainerItemProxy */;
		};
/* End PBXTargetDependency section */

/* Begin XCBuildConfiguration section */
		688FEA402D6DFEFB00B08A4C /* Debug */ = {
			isa = XCBuildConfiguration;
			buildSettings = {
				ALWAYS_SEARCH_USER_PATHS = NO;
				ASSETCATALOG_COMPILER_GENERATE_SWIFT_ASSET_SYMBOL_EXTENSIONS = YES;
				CLANG_ANALYZER_NONNULL = YES;
				CLANG_ANALYZER_NUMBER_OBJECT_CONVERSION = YES_AGGRESSIVE;
				CLANG_CXX_LANGUAGE_STANDARD = "gnu++20";
				CLANG_ENABLE_MODULES = YES;
				CLANG_ENABLE_OBJC_ARC = YES;
				CLANG_ENABLE_OBJC_WEAK = YES;
				CLANG_WARN_BLOCK_CAPTURE_AUTORELEASING = YES;
				CLANG_WARN_BOOL_CONVERSION = YES;
				CLANG_WARN_COMMA = YES;
				CLANG_WARN_CONSTANT_CONVERSION = YES;
				CLANG_WARN_DEPRECATED_OBJC_IMPLEMENTATIONS = YES;
				CLANG_WARN_DIRECT_OBJC_ISA_USAGE = YES_ERROR;
				CLANG_WARN_DOCUMENTATION_COMMENTS = YES;
				CLANG_WARN_EMPTY_BODY = YES;
				CLANG_WARN_ENUM_CONVERSION = YES;
				CLANG_WARN_INFINITE_RECURSION = YES;
				CLANG_WARN_INT_CONVERSION = YES;
				CLANG_WARN_NON_LITERAL_NULL_CONVERSION = YES;
				CLANG_WARN_OBJC_IMPLICIT_RETAIN_SELF = YES;
				CLANG_WARN_OBJC_LITERAL_CONVERSION = YES;
				CLANG_WARN_OBJC_ROOT_CLASS = YES_ERROR;
				CLANG_WARN_QUOTED_INCLUDE_IN_FRAMEWORK_HEADER = YES;
				CLANG_WARN_RANGE_LOOP_ANALYSIS = YES;
				CLANG_WARN_STRICT_PROTOTYPES = YES;
				CLANG_WARN_SUSPICIOUS_MOVE = YES;
				CLANG_WARN_UNGUARDED_AVAILABILITY = YES_AGGRESSIVE;
				CLANG_WARN_UNREACHABLE_CODE = YES;
				CLANG_WARN__DUPLICATE_METHOD_MATCH = YES;
				COPY_PHASE_STRIP = NO;
				DEBUG_INFORMATION_FORMAT = dwarf;
				ENABLE_STRICT_OBJC_MSGSEND = YES;
				ENABLE_TESTABILITY = YES;
				ENABLE_USER_SCRIPT_SANDBOXING = YES;
				GCC_C_LANGUAGE_STANDARD = gnu17;
				GCC_DYNAMIC_NO_PIC = NO;
				GCC_NO_COMMON_BLOCKS = YES;
				GCC_OPTIMIZATION_LEVEL = 0;
				GCC_PREPROCESSOR_DEFINITIONS = (
					"DEBUG=1",
					"$(inherited)",
				);
				GCC_WARN_64_TO_32_BIT_CONVERSION = YES;
				GCC_WARN_ABOUT_RETURN_TYPE = YES_ERROR;
				GCC_WARN_UNDECLARED_SELECTOR = YES;
				GCC_WARN_UNINITIALIZED_AUTOS = YES_AGGRESSIVE;
				GCC_WARN_UNUSED_FUNCTION = YES;
				GCC_WARN_UNUSED_VARIABLE = YES;
				IPHONEOS_DEPLOYMENT_TARGET = 18.0;
				LOCALIZATION_PREFERS_STRING_CATALOGS = YES;
				MTL_ENABLE_DEBUG_INFO = INCLUDE_SOURCE;
				MTL_FAST_MATH = YES;
				ONLY_ACTIVE_ARCH = YES;
				SDKROOT = iphoneos;
				SWIFT_ACTIVE_COMPILATION_CONDITIONS = "DEBUG $(inherited)";
				SWIFT_OPTIMIZATION_LEVEL = "-Onone";
			};
			name = Debug;
		};
		688FEA412D6DFEFB00B08A4C /* Release */ = {
			isa = XCBuildConfiguration;
			buildSettings = {
				ALWAYS_SEARCH_USER_PATHS = NO;
				ASSETCATALOG_COMPILER_GENERATE_SWIFT_ASSET_SYMBOL_EXTENSIONS = YES;
				CLANG_ANALYZER_NONNULL = YES;
				CLANG_ANALYZER_NUMBER_OBJECT_CONVERSION = YES_AGGRESSIVE;
				CLANG_CXX_LANGUAGE_STANDARD = "gnu++20";
				CLANG_ENABLE_MODULES = YES;
				CLANG_ENABLE_OBJC_ARC = YES;
				CLANG_ENABLE_OBJC_WEAK = YES;
				CLANG_WARN_BLOCK_CAPTURE_AUTORELEASING = YES;
				CLANG_WARN_BOOL_CONVERSION = YES;
				CLANG_WARN_COMMA = YES;
				CLANG_WARN_CONSTANT_CONVERSION = YES;
				CLANG_WARN_DEPRECATED_OBJC_IMPLEMENTATIONS = YES;
				CLANG_WARN_DIRECT_OBJC_ISA_USAGE = YES_ERROR;
				CLANG_WARN_DOCUMENTATION_COMMENTS = YES;
				CLANG_WARN_EMPTY_BODY = YES;
				CLANG_WARN_ENUM_CONVERSION = YES;
				CLANG_WARN_INFINITE_RECURSION = YES;
				CLANG_WARN_INT_CONVERSION = YES;
				CLANG_WARN_NON_LITERAL_NULL_CONVERSION = YES;
				CLANG_WARN_OBJC_IMPLICIT_RETAIN_SELF = YES;
				CLANG_WARN_OBJC_LITERAL_CONVERSION = YES;
				CLANG_WARN_OBJC_ROOT_CLASS = YES_ERROR;
				CLANG_WARN_QUOTED_INCLUDE_IN_FRAMEWORK_HEADER = YES;
				CLANG_WARN_RANGE_LOOP_ANALYSIS = YES;
				CLANG_WARN_STRICT_PROTOTYPES = YES;
				CLANG_WARN_SUSPICIOUS_MOVE = YES;
				CLANG_WARN_UNGUARDED_AVAILABILITY = YES_AGGRESSIVE;
				CLANG_WARN_UNREACHABLE_CODE = YES;
				CLANG_WARN__DUPLICATE_METHOD_MATCH = YES;
				COPY_PHASE_STRIP = NO;
				DEBUG_INFORMATION_FORMAT = "dwarf-with-dsym";
				ENABLE_NS_ASSERTIONS = NO;
				ENABLE_STRICT_OBJC_MSGSEND = YES;
				ENABLE_USER_SCRIPT_SANDBOXING = YES;
				GCC_C_LANGUAGE_STANDARD = gnu17;
				GCC_NO_COMMON_BLOCKS = YES;
				GCC_WARN_64_TO_32_BIT_CONVERSION = YES;
				GCC_WARN_ABOUT_RETURN_TYPE = YES_ERROR;
				GCC_WARN_UNDECLARED_SELECTOR = YES;
				GCC_WARN_UNINITIALIZED_AUTOS = YES_AGGRESSIVE;
				GCC_WARN_UNUSED_FUNCTION = YES;
				GCC_WARN_UNUSED_VARIABLE = YES;
				IPHONEOS_DEPLOYMENT_TARGET = 18.0;
				LOCALIZATION_PREFERS_STRING_CATALOGS = YES;
				MTL_ENABLE_DEBUG_INFO = NO;
				MTL_FAST_MATH = YES;
				SDKROOT = iphoneos;
				SWIFT_COMPILATION_MODE = wholemodule;
				VALIDATE_PRODUCT = YES;
			};
			name = Release;
		};
		688FEA432D6DFEFB00B08A4C /* Debug */ = {
			isa = XCBuildConfiguration;
			buildSettings = {
				ASSETCATALOG_COMPILER_APPICON_NAME = AppIcon;
				ASSETCATALOG_COMPILER_GLOBAL_ACCENT_COLOR_NAME = AccentColor;
				CODE_SIGN_ENTITLEMENTS = iOS_Momogum/iOS_Momogum.entitlements;
				CODE_SIGN_STYLE = Automatic;
				CURRENT_PROJECT_VERSION = 1;
				DEVELOPMENT_ASSET_PATHS = "\"iOS_Momogum/Preview Content\"";
				DEVELOPMENT_TEAM = 9B7KK9WN32;
				ENABLE_PREVIEWS = YES;
				GENERATE_INFOPLIST_FILE = YES;
				INFOPLIST_FILE = "iOS-Momogum-Info.plist";
				INFOPLIST_KEY_UIApplicationSceneManifest_Generation = YES;
				INFOPLIST_KEY_UIApplicationSupportsIndirectInputEvents = YES;
				INFOPLIST_KEY_UILaunchScreen_Generation = YES;
				INFOPLIST_KEY_UISupportedInterfaceOrientations_iPad = "UIInterfaceOrientationPortrait UIInterfaceOrientationPortraitUpsideDown UIInterfaceOrientationLandscapeLeft UIInterfaceOrientationLandscapeRight";
				INFOPLIST_KEY_UISupportedInterfaceOrientations_iPhone = "UIInterfaceOrientationPortrait UIInterfaceOrientationLandscapeLeft UIInterfaceOrientationLandscapeRight";
				LD_RUNPATH_SEARCH_PATHS = (
					"$(inherited)",
					"@executable_path/Frameworks",
				);
				MARKETING_VERSION = 1.0;
				PRODUCT_BUNDLE_IDENTIFIER = "free.iOS-Momogum";
				PRODUCT_NAME = "$(TARGET_NAME)";
				SWIFT_EMIT_LOC_STRINGS = YES;
				SWIFT_VERSION = 5.0;
				TARGETED_DEVICE_FAMILY = "1,2";
			};
			name = Debug;
		};
		688FEA442D6DFEFB00B08A4C /* Release */ = {
			isa = XCBuildConfiguration;
			buildSettings = {
				ASSETCATALOG_COMPILER_APPICON_NAME = AppIcon;
				ASSETCATALOG_COMPILER_GLOBAL_ACCENT_COLOR_NAME = AccentColor;
				CODE_SIGN_ENTITLEMENTS = iOS_Momogum/iOS_Momogum.entitlements;
				CODE_SIGN_STYLE = Automatic;
				CURRENT_PROJECT_VERSION = 1;
				DEVELOPMENT_ASSET_PATHS = "\"iOS_Momogum/Preview Content\"";
				DEVELOPMENT_TEAM = 9B7KK9WN32;
				ENABLE_PREVIEWS = YES;
				GENERATE_INFOPLIST_FILE = YES;
				INFOPLIST_FILE = "iOS-Momogum-Info.plist";
				INFOPLIST_KEY_UIApplicationSceneManifest_Generation = YES;
				INFOPLIST_KEY_UIApplicationSupportsIndirectInputEvents = YES;
				INFOPLIST_KEY_UILaunchScreen_Generation = YES;
				INFOPLIST_KEY_UISupportedInterfaceOrientations_iPad = "UIInterfaceOrientationPortrait UIInterfaceOrientationPortraitUpsideDown UIInterfaceOrientationLandscapeLeft UIInterfaceOrientationLandscapeRight";
				INFOPLIST_KEY_UISupportedInterfaceOrientations_iPhone = "UIInterfaceOrientationPortrait UIInterfaceOrientationLandscapeLeft UIInterfaceOrientationLandscapeRight";
				LD_RUNPATH_SEARCH_PATHS = (
					"$(inherited)",
					"@executable_path/Frameworks",
				);
				MARKETING_VERSION = 1.0;
				PRODUCT_BUNDLE_IDENTIFIER = "free.iOS-Momogum";
				PRODUCT_NAME = "$(TARGET_NAME)";
				SWIFT_EMIT_LOC_STRINGS = YES;
				SWIFT_VERSION = 5.0;
				TARGETED_DEVICE_FAMILY = "1,2";
			};
			name = Release;
		};
		688FEA462D6DFEFB00B08A4C /* Debug */ = {
			isa = XCBuildConfiguration;
			buildSettings = {
				BUNDLE_LOADER = "$(TEST_HOST)";
				CODE_SIGN_STYLE = Automatic;
				CURRENT_PROJECT_VERSION = 1;
				DEVELOPMENT_TEAM = 9B7KK9WN32;
				GENERATE_INFOPLIST_FILE = YES;
				IPHONEOS_DEPLOYMENT_TARGET = 18.0;
				MARKETING_VERSION = 1.0;
				PRODUCT_BUNDLE_IDENTIFIER = "free.iOS-MomogumTests";
				PRODUCT_NAME = "$(TARGET_NAME)";
				SWIFT_EMIT_LOC_STRINGS = NO;
				SWIFT_VERSION = 5.0;
				TARGETED_DEVICE_FAMILY = "1,2";
				TEST_HOST = "$(BUILT_PRODUCTS_DIR)/iOS_Momogum.app/$(BUNDLE_EXECUTABLE_FOLDER_PATH)/iOS_Momogum";
			};
			name = Debug;
		};
		688FEA472D6DFEFB00B08A4C /* Release */ = {
			isa = XCBuildConfiguration;
			buildSettings = {
				BUNDLE_LOADER = "$(TEST_HOST)";
				CODE_SIGN_STYLE = Automatic;
				CURRENT_PROJECT_VERSION = 1;
				DEVELOPMENT_TEAM = 9B7KK9WN32;
				GENERATE_INFOPLIST_FILE = YES;
				IPHONEOS_DEPLOYMENT_TARGET = 18.0;
				MARKETING_VERSION = 1.0;
				PRODUCT_BUNDLE_IDENTIFIER = "free.iOS-MomogumTests";
				PRODUCT_NAME = "$(TARGET_NAME)";
				SWIFT_EMIT_LOC_STRINGS = NO;
				SWIFT_VERSION = 5.0;
				TARGETED_DEVICE_FAMILY = "1,2";
				TEST_HOST = "$(BUILT_PRODUCTS_DIR)/iOS_Momogum.app/$(BUNDLE_EXECUTABLE_FOLDER_PATH)/iOS_Momogum";
			};
			name = Release;
		};
		688FEA492D6DFEFB00B08A4C /* Debug */ = {
			isa = XCBuildConfiguration;
			buildSettings = {
				CODE_SIGN_STYLE = Automatic;
				CURRENT_PROJECT_VERSION = 1;
				DEVELOPMENT_TEAM = 9B7KK9WN32;
				GENERATE_INFOPLIST_FILE = YES;
				MARKETING_VERSION = 1.0;
				PRODUCT_BUNDLE_IDENTIFIER = "free.iOS-MomogumUITests";
				PRODUCT_NAME = "$(TARGET_NAME)";
				SWIFT_EMIT_LOC_STRINGS = NO;
				SWIFT_VERSION = 5.0;
				TARGETED_DEVICE_FAMILY = "1,2";
				TEST_TARGET_NAME = iOS_Momogum;
			};
			name = Debug;
		};
		688FEA4A2D6DFEFB00B08A4C /* Release */ = {
			isa = XCBuildConfiguration;
			buildSettings = {
				CODE_SIGN_STYLE = Automatic;
				CURRENT_PROJECT_VERSION = 1;
				DEVELOPMENT_TEAM = 9B7KK9WN32;
				GENERATE_INFOPLIST_FILE = YES;
				MARKETING_VERSION = 1.0;
				PRODUCT_BUNDLE_IDENTIFIER = "free.iOS-MomogumUITests";
				PRODUCT_NAME = "$(TARGET_NAME)";
				SWIFT_EMIT_LOC_STRINGS = NO;
				SWIFT_VERSION = 5.0;
				TARGETED_DEVICE_FAMILY = "1,2";
				TEST_TARGET_NAME = iOS_Momogum;
			};
			name = Release;
		};
/* End XCBuildConfiguration section */

/* Begin XCConfigurationList section */
		688FEA192D6DFEFA00B08A4C /* Build configuration list for PBXProject "iOS_Momogum" */ = {
			isa = XCConfigurationList;
			buildConfigurations = (
				688FEA402D6DFEFB00B08A4C /* Debug */,
				688FEA412D6DFEFB00B08A4C /* Release */,
			);
			defaultConfigurationIsVisible = 0;
			defaultConfigurationName = Release;
		};
		688FEA422D6DFEFB00B08A4C /* Build configuration list for PBXNativeTarget "iOS_Momogum" */ = {
			isa = XCConfigurationList;
			buildConfigurations = (
				688FEA432D6DFEFB00B08A4C /* Debug */,
				688FEA442D6DFEFB00B08A4C /* Release */,
			);
			defaultConfigurationIsVisible = 0;
			defaultConfigurationName = Release;
		};
		688FEA452D6DFEFB00B08A4C /* Build configuration list for PBXNativeTarget "iOS_MomogumTests" */ = {
			isa = XCConfigurationList;
			buildConfigurations = (
				688FEA462D6DFEFB00B08A4C /* Debug */,
				688FEA472D6DFEFB00B08A4C /* Release */,
			);
			defaultConfigurationIsVisible = 0;
			defaultConfigurationName = Release;
		};
		688FEA482D6DFEFB00B08A4C /* Build configuration list for PBXNativeTarget "iOS_MomogumUITests" */ = {
			isa = XCConfigurationList;
			buildConfigurations = (
				688FEA492D6DFEFB00B08A4C /* Debug */,
				688FEA4A2D6DFEFB00B08A4C /* Release */,
			);
			defaultConfigurationIsVisible = 0;
			defaultConfigurationName = Release;
		};
/* End XCConfigurationList section */
	};
	rootObject = 688FEA162D6DFEFA00B08A4C /* Project object */;
}
